# THIS IS AN AUTOGENERATED FILE. DO NOT EDIT THIS FILE DIRECTLY.
# yarn lockfile v1


"@fortawesome/fontawesome-free@^5.8.1":
  version "5.8.1"
  resolved "https://registry.yarnpkg.com/@fortawesome/fontawesome-free/-/fontawesome-free-5.8.1.tgz#cbafbfe8894c4e3e3c3a9da6774e249ac1f2da8b"
  integrity sha512-GJtx6e55qLEOy2gPOsok2lohjpdWNGrYGtQx0FFT/++K4SYx+Z8LlPHdQBaFzKEwH5IbBB4fNgb//uyZjgYXoA==

aos@^3.0.0-beta.6:
  version "3.0.0-beta.6"
  resolved "https://registry.yarnpkg.com/aos/-/aos-3.0.0-beta.6.tgz#75148e3be4bb1add53f5a1828623bf82b67691e9"
  integrity sha512-VLWrpq8bfAWcetynVHMMrqdC+89Qq/Ym6UBJbHB4crIwp3RR8uq1dNGgsFzoDl03S43rlVMK+na3r5+oUCZsYw==
  dependencies:
    classlist-polyfill "^1.2.0"
    lodash.debounce "^4.0.8"
    lodash.throttle "^4.1.1"

bootstrap@3:
  version "3.4.1"
  resolved "https://registry.yarnpkg.com/bootstrap/-/bootstrap-3.4.1.tgz#c3a347d419e289ad11f4033e3c4132b87c081d72"
  integrity sha512-yN5oZVmRCwe5aKwzRj6736nSmKDX7pLYwsXiCj/EYmo16hODaBiT4En5btW/jhBF/seV+XMx3aYwukYC3A49DA==

classlist-polyfill@^1.2.0:
  version "1.2.0"
  resolved "https://registry.yarnpkg.com/classlist-polyfill/-/classlist-polyfill-1.2.0.tgz#935bc2dfd9458a876b279617514638bcaa964a2e"
  integrity sha1-k1vC39lFiodrJ5YXUUY4vKqWSi4=

"jQuery-One-Page-Nav@https://github.com/davist11/jQuery-One-Page-Nav.git":
  version "0.0.0"
  resolved "https://github.com/davist11/jQuery-One-Page-Nav.git#22b0153d674dc3e34a337eb456f3a83a91809db5"

jquery@^3.4.0:
  version "3.4.0"
  resolved "https://registry.yarnpkg.com/jquery/-/jquery-3.4.0.tgz#8de513fa0fa4b2c7d2e48a530e26f0596936efdf"
  integrity sha512-ggRCXln9zEqv6OqAGXFEcshF5dSBvCkzj6Gm2gzuR5fWawaX8t7cxKVkkygKODrDAzKdoYw3l/e3pm3vlT4IbQ==

lodash.debounce@^4.0.8:
  version "4.0.8"
  resolved "https://registry.yarnpkg.com/lodash.debounce/-/lodash.debounce-4.0.8.tgz#82d79bff30a67c4005ffd5e2515300ad9ca4d7af"
  integrity sha1-gteb/zCmfEAF/9XiUVMArZyk168=

lodash.throttle@^4.1.1:
  version "4.1.1"
  resolved "https://registry.yarnpkg.com/lodash.throttle/-/lodash.throttle-4.1.1.tgz#c23e91b710242ac70c37f1e1cda9274cc39bf2f4"
  integrity sha1-wj6RtxAkKscMN/HhzaknTMOb8vQ=
